
Microsoft Visual Studio Solution File, Format Version 12.00
# Visual Studio Version 17
VisualStudioVersion = 17.3.32901.215
MinimumVisualStudioVersion = 10.0.40219.1
Project("{FAE04EC0-301F-11D3-BF4B-00C04F79EFBC}") = "DoctorOffice", "DoctorOffice\DoctorOffice.csproj", "{085EA436-D3CD-45F3-84EE-8D974A474CBE}"
EndProject
Project("{FAE04EC0-301F-11D3-BF4B-00C04F79EFBC}") = "BE", "BE\BE.csproj", "{485F717F-502C-4924-B63A-C90685C10A2D}"
EndProject
Project("{FAE04EC0-301F-11D3-BF4B-00C04F79EFBC}") = "DAL", "DAL\DAL.csproj", "{C16F9BC6-4280-499F-B7B3-C54F6D3E9A11}"
EndProject
Project("{FAE04EC0-301F-11D3-BF4B-00C04F79EFBC}") = "BLL", "BLL\BLL.csproj", "{676BC999-F1A9-45F0-AC5B-2A4E4A59A0C1}"
EndProject
Global
	GlobalSection(SolutionConfigurationPlatforms) = preSolution
		Debug|Any CPU = Debug|Any CPU
		Release|Any CPU = Release|Any CPU
	EndGlobalSection
	GlobalSection(ProjectConfigurationPlatforms) = postSolution
		{085EA436-D3CD-45F3-84EE-8D974A474CBE}.Debug|Any CPU.ActiveCfg = Debug|Any CPU
		{085EA436-D3CD-45F3-84EE-8D974A474CBE}.Debug|Any CPU.Build.0 = Debug|Any CPU
		{085EA436-D3CD-45F3-84EE-8D974A474CBE}.Release|Any CPU.ActiveCfg = Release|Any CPU
		{085EA436-D3CD-45F3-84EE-8D974A474CBE}.Release|Any CPU.Build.0 = Release|Any CPU
		{485F717F-502C-4924-B63A-C90685C10A2D}.Debug|Any CPU.ActiveCfg = Debug|Any CPU
		{485F717F-502C-4924-B63A-C90685C10A2D}.Debug|Any CPU.Build.0 = Debug|Any CPU
		{485F717F-502C-4924-B63A-C90685C10A2D}.Release|Any CPU.ActiveCfg = Release|Any CPU
		{485F717F-502C-4924-B63A-C90685C10A2D}.Release|Any CPU.Build.0 = Release|Any CPU
		{C16F9BC6-4280-499F-B7B3-C54F6D3E9A11}.Debug|Any CPU.ActiveCfg = Debug|Any CPU
		{C16F9BC6-4280-499F-B7B3-C54F6D3E9A11}.Debug|Any CPU.Build.0 = Debug|Any CPU
		{C16F9BC6-4280-499F-B7B3-C54F6D3E9A11}.Release|Any CPU.ActiveCfg = Release|Any CPU
		{C16F9BC6-4280-499F-B7B3-C54F6D3E9A11}.Release|Any CPU.Build.0 = Release|Any CPU
		{676BC999-F1A9-45F0-AC5B-2A4E4A59A0C1}.Debug|Any CPU.ActiveCfg = Debug|Any CPU
		{676BC999-F1A9-45F0-AC5B-2A4E4A59A0C1}.Debug|Any CPU.Build.0 = Debug|Any CPU
		{676BC999-F1A9-45F0-AC5B-2A4E4A59A0C1}.Release|Any CPU.ActiveCfg = Release|Any CPU
		{676BC999-F1A9-45F0-AC5B-2A4E4A59A0C1}.Release|Any CPU.Build.0 = Release|Any CPU
	EndGlobalSection
	GlobalSection(SolutionProperties) = preSolution
		HideSolutionNode = FALSE
	EndGlobalSection
	GlobalSection(ExtensibilityGlobals) = postSolution
		SolutionGuid = {C03ECD0F-D51C-42F3-B5F8-EB2C43EBFD64}
	EndGlobalSection
EndGlobal
